// !$*UTF8*$!
{
	archiveVersion = 1;
	classes = {
	};
	objectVersion = 51;
	objects = {

/* Begin PBXBuildFile section */
		569845BBBF2DD9AB96A5ECDC /* Pods_SwiftUI_FirebaseAuth.framework in Frameworks */ = {isa = PBXBuildFile; fileRef = 628FA7CCB428D45565C20EA2 /* Pods_SwiftUI_FirebaseAuth.framework */; };
		574ECDA82684939000519095 /* GoogleService-Info.plist in Resources */ = {isa = PBXBuildFile; fileRef = 574ECDA72684939000519095 /* GoogleService-Info.plist */; };
		57C94C5626848DA7009EA106 /* SwiftUI_FirebaseAuthApp.swift in Sources */ = {isa = PBXBuildFile; fileRef = 57C94C5526848DA7009EA106 /* SwiftUI_FirebaseAuthApp.swift */; };
		57C94C5826848DA7009EA106 /* ContentView.swift in Sources */ = {isa = PBXBuildFile; fileRef = 57C94C5726848DA7009EA106 /* ContentView.swift */; };
		57C94C5A26848DA8009EA106 /* Assets.xcassets in Resources */ = {isa = PBXBuildFile; fileRef = 57C94C5926848DA8009EA106 /* Assets.xcassets */; };
		57C94C5D26848DA8009EA106 /* Preview Assets.xcassets in Resources */ = {isa = PBXBuildFile; fileRef = 57C94C5C26848DA8009EA106 /* Preview Assets.xcassets */; };
/* End PBXBuildFile section */

/* Begin PBXFileReference section */
		3822B38F46152B8D0A47CD6C /* Pods-SwiftUI FirebaseAuth.release.xcconfig */ = {isa = PBXFileReference; includeInIndex = 1; lastKnownFileType = text.xcconfig; name = "Pods-SwiftUI FirebaseAuth.release.xcconfig"; path = "Target Support Files/Pods-SwiftUI FirebaseAuth/Pods-SwiftUI FirebaseAuth.release.xcconfig"; sourceTree = "<group>"; };
		574ECDA72684939000519095 /* GoogleService-Info.plist */ = {isa = PBXFileReference; fileEncoding = 4; lastKnownFileType = text.plist.xml; path = "GoogleService-Info.plist"; sourceTree = "<group>"; };
		57C94C5226848DA7009EA106 /* SwiftUI FirebaseAuth.app */ = {isa = PBXFileReference; explicitFileType = wrapper.application; includeInIndex = 0; path = "SwiftUI FirebaseAuth.app"; sourceTree = BUILT_PRODUCTS_DIR; };
		57C94C5526848DA7009EA106 /* SwiftUI_FirebaseAuthApp.swift */ = {isa = PBXFileReference; lastKnownFileType = sourcecode.swift; path = SwiftUI_FirebaseAuthApp.swift; sourceTree = "<group>"; };
		57C94C5726848DA7009EA106 /* ContentView.swift */ = {isa = PBXFileReference; lastKnownFileType = sourcecode.swift; path = ContentView.swift; sourceTree = "<group>"; };
		57C94C5926848DA8009EA106 /* Assets.xcassets */ = {isa = PBXFileReference; lastKnownFileType = folder.assetcatalog; path = Assets.xcassets; sourceTree = "<group>"; };
		57C94C5C26848DA8009EA106 /* Preview Assets.xcassets */ = {isa = PBXFileReference; lastKnownFileType = folder.assetcatalog; path = "Preview Assets.xcassets"; sourceTree = "<group>"; };
		57C94C5E26848DA8009EA106 /* Info.plist */ = {isa = PBXFileReference; lastKnownFileType = text.plist.xml; path = Info.plist; sourceTree = "<group>"; };
		628FA7CCB428D45565C20EA2 /* Pods_SwiftUI_FirebaseAuth.framework */ = {isa = PBXFileReference; explicitFileType = wrapper.framework; includeInIndex = 0; path = Pods_SwiftUI_FirebaseAuth.framework; sourceTree = BUILT_PRODUCTS_DIR; };
		A291A660B356E94D12800148 /* Pods-SwiftUI FirebaseAuth.debug.xcconfig */ = {isa = PBXFileReference; includeInIndex = 1; lastKnownFileType = text.xcconfig; name = "Pods-SwiftUI FirebaseAuth.debug.xcconfig"; path = "Target Support Files/Pods-SwiftUI FirebaseAuth/Pods-SwiftUI FirebaseAuth.debug.xcconfig"; sourceTree = "<group>"; };
/* End PBXFileReference section */

/* Begin PBXFrameworksBuildPhase section */
		57C94C4F26848DA7009EA106 /* Frameworks */ = {
			isa = PBXFrameworksBuildPhase;
			buildActionMask = 2147483647;
			files = (
				569845BBBF2DD9AB96A5ECDC /* Pods_SwiftUI_FirebaseAuth.framework in Frameworks */,
			);
			runOnlyForDeploymentPostprocessing = 0;
		};
/* End PBXFrameworksBuildPhase section */

/* Begin PBXGroup section */
		18E35681DCDA0293E5104F81 /* Frameworks */ = {
			isa = PBXGroup;
			children = (
				628FA7CCB428D45565C20EA2 /* Pods_SwiftUI_FirebaseAuth.framework */,
			);
			name = Frameworks;
			sourceTree = "<group>";
		};
		57C94C4926848DA7009EA106 = {
			isa = PBXGroup;
			children = (
				57C94C5426848DA7009EA106 /* SwiftUI FirebaseAuth */,
				57C94C5326848DA7009EA106 /* Products */,
				CBD45A64BD37301E67FCA867 /* Pods */,
				18E35681DCDA0293E5104F81 /* Frameworks */,
			);
			sourceTree = "<group>";
		};
		57C94C5326848DA7009EA106 /* Products */ = {
			isa = PBXGroup;
			children = (
				57C94C5226848DA7009EA106 /* SwiftUI FirebaseAuth.app */,
			);
			name = Products;
			sourceTree = "<group>";
		};
		57C94C5426848DA7009EA106 /* SwiftUI FirebaseAuth */ = {
			isa = PBXGroup;
			children = (
				57C94C5526848DA7009EA106 /* SwiftUI_FirebaseAuthApp.swift */,
				57C94C5726848DA7009EA106 /* ContentView.swift */,
				57C94C5926848DA8009EA106 /* Assets.xcassets */,
				574ECDA72684939000519095 /* GoogleService-Info.plist */,
				57C94C5E26848DA8009EA106 /* Info.plist */,
				57C94C5B26848DA8009EA106 /* Preview Content */,
			);
			path = "SwiftUI FirebaseAuth";
			sourceTree = "<group>";
		};
		57C94C5B26848DA8009EA106 /* Preview Content */ = {
			isa = PBXGroup;
			children = (
				57C94C5C26848DA8009EA106 /* Preview Assets.xcassets */,
			);
			path = "Preview Content";
			sourceTree = "<group>";
		};
		CBD45A64BD37301E67FCA867 /* Pods */ = {
			isa = PBXGroup;
			children = (
				A291A660B356E94D12800148 /* Pods-SwiftUI FirebaseAuth.debug.xcconfig */,
				3822B38F46152B8D0A47CD6C /* Pods-SwiftUI FirebaseAuth.release.xcconfig */,
			);
			path = Pods;
			sourceTree = "<group>";
		};
/* End PBXGroup section */

/* Begin PBXNativeTarget section */
		57C94C5126848DA7009EA106 /* SwiftUI FirebaseAuth */ = {
			isa = PBXNativeTarget;
			buildConfigurationList = 57C94C6126848DA8009EA106 /* Build configuration list for PBXNativeTarget "SwiftUI FirebaseAuth" */;
			buildPhases = (
				4F54EFAFADFBC0F8B5F66C15 /* [CP] Check Pods Manifest.lock */,
				57C94C4E26848DA7009EA106 /* Sources */,
				57C94C4F26848DA7009EA106 /* Frameworks */,
				57C94C5026848DA7009EA106 /* Resources */,
				A62D906013D31013BE8C7B91 /* [CP] Embed Pods Frameworks */,
			);
			buildRules = (
			);
			dependencies = (
			);
			name = "SwiftUI FirebaseAuth";
			productName = "SwiftUI FirebaseAuth";
			productReference = 57C94C5226848DA7009EA106 /* SwiftUI FirebaseAuth.app */;
			productType = "com.apple.product-type.application";
		};
/* End PBXNativeTarget section */

/* Begin PBXProject section */
		57C94C4A26848DA7009EA106 /* Project object */ = {
			isa = PBXProject;
			attributes = {
				LastSwiftUpdateCheck = 1250;
				LastUpgradeCheck = 1250;
				TargetAttributes = {
					57C94C5126848DA7009EA106 = {
						CreatedOnToolsVersion = 12.5.1;
					};
				};
			};
			buildConfigurationList = 57C94C4D26848DA7009EA106 /* Build configuration list for PBXProject "SwiftUI FirebaseAuth" */;
			compatibilityVersion = "Xcode 9.3";
			developmentRegion = en;
			hasScannedForEncodings = 0;
			knownRegions = (
				en,
				Base,
			);
			mainGroup = 57C94C4926848DA7009EA106;
			productRefGroup = 57C94C5326848DA7009EA106 /* Products */;
			projectDirPath = "";
			projectRoot = "";
			targets = (
				57C94C5126848DA7009EA106 /* SwiftUI FirebaseAuth */,
			);
		};
/* End PBXProject section */

/* Begin PBXResourcesBuildPhase section */
		57C94C5026848DA7009EA106 /* Resources */ = {
			isa = PBXResourcesBuildPhase;
			buildActionMask = 2147483647;
			files = (
				57C94C5D26848DA8009EA106 /* Preview Assets.xcassets in Resources */,
				57C94C5A26848DA8009EA106 /* Assets.xcassets in Resources */,
				574ECDA82684939000519095 /* GoogleService-Info.plist in Resources */,
			);
			runOnlyForDeploymentPostprocessing = 0;
		};
/* End PBXResourcesBuildPhase section */

/* Begin PBXShellScriptBuildPhase section */
		4F54EFAFADFBC0F8B5F66C15 /* [CP] Check Pods Manifest.lock */ = {
			isa = PBXShellScriptBuildPhase;
			buildActionMask = 2147483647;
			files = (
			);
			inputFileListPaths = (
			);
			inputPaths = (
				"${PODS_PODFILE_DIR_PATH}/Podfile.lock",
				"${PODS_ROOT}/Manifest.lock",
			);
			name = "[CP] Check Pods Manifest.lock";
			outputFileListPaths = (
			);
			outputPaths = (
				"$(DERIVED_FILE_DIR)/Pods-SwiftUI FirebaseAuth-checkManifestLockResult.txt",
			);
			runOnlyForDeploymentPostprocessing = 0;
			shellPath = /bin/sh;
			shellScript = "diff \"${PODS_PODFILE_DIR_PATH}/Podfile.lock\" \"${PODS_ROOT}/Manifest.lock\" > /dev/null\nif [ $? != 0 ] ; then\n    # print error to STDERR\n    echo \"error: The sandbox is not in sync with the Podfile.lock. Run 'pod install' or update your CocoaPods installation.\" >&2\n    exit 1\nfi\n# This output is used by Xcode 'outputs' to avoid re-running this script phase.\necho \"SUCCESS\" > \"${SCRIPT_OUTPUT_FILE_0}\"\n";
			showEnvVarsInLog = 0;
		};
		A62D906013D31013BE8C7B91 /* [CP] Embed Pods Frameworks */ = {
			isa = PBXShellScriptBuildPhase;
			buildActionMask = 2147483647;
			files = (
			);
			inputFileListPaths = (
				"${PODS_ROOT}/Target Support Files/Pods-SwiftUI FirebaseAuth/Pods-SwiftUI FirebaseAuth-frameworks-${CONFIGURATION}-input-files.xcfilelist",
			);
			name = "[CP] Embed Pods Frameworks";
			outputFileListPaths = (
				"${PODS_ROOT}/Target Support Files/Pods-SwiftUI FirebaseAuth/Pods-SwiftUI FirebaseAuth-frameworks-${CONFIGURATION}-output-files.xcfilelist",
			);
			runOnlyForDeploymentPostprocessing = 0;
			shellPath = /bin/sh;
			shellScript = "\"${PODS_ROOT}/Target Support Files/Pods-SwiftUI FirebaseAuth/Pods-SwiftUI FirebaseAuth-frameworks.sh\"\n";
			showEnvVarsInLog = 0;
		};
/* End PBXShellScriptBuildPhase section */

/* Begin PBXSourcesBuildPhase section */
		57C94C4E26848DA7009EA106 /* Sources */ = {
			isa = PBXSourcesBuildPhase;
			buildActionMask = 2147483647;
			files = (
				57C94C5826848DA7009EA106 /* ContentView.swift in Sources */,
				57C94C5626848DA7009EA106 /* SwiftUI_FirebaseAuthApp.swift in Sources */,
			);
			runOnlyForDeploymentPostprocessing = 0;
		};
/* End PBXSourcesBuildPhase section */

/* Begin XCBuildConfiguration section */
		57C94C5F26848DA8009EA106 /* Debug */ = {
			isa = XCBuildConfiguration;
			buildSettings = {
				ALWAYS_SEARCH_USER_PATHS = NO;
				CLANG_ANALYZER_NONNULL = YES;
				CLANG_ANALYZER_NUMBER_OBJECT_CONVERSION = YES_AGGRESSIVE;
				CLANG_CXX_LANGUAGE_STANDARD = "gnu++14";
				CLANG_CXX_LIBRARY = "libc++";
				CLANG_ENABLE_MODULES = YES;
				CLANG_ENABLE_OBJC_ARC = YES;
				CLANG_ENABLE_OBJC_WEAK = YES;
				CLANG_WARN_BLOCK_CAPTURE_AUTORELEASING = YES;
				CLANG_WARN_BOOL_CONVERSION = YES;
				CLANG_WARN_COMMA = YES;
				CLANG_WARN_CONSTANT_CONVERSION = YES;
				CLANG_WARN_DEPRECATED_OBJC_IMPLEMENTATIONS = YES;
				CLANG_WARN_DIRECT_OBJC_ISA_USAGE = YES_ERROR;
				CLANG_WARN_DOCUMENTATION_COMMENTS = YES;
				CLANG_WARN_EMPTY_BODY = YES;
				CLANG_WARN_ENUM_CONVERSION = YES;
				CLANG_WARN_INFINITE_RECURSION = YES;
				CLANG_WARN_INT_CONVERSION = YES;
				CLANG_WARN_NON_LITERAL_NULL_CONVERSION = YES;
				CLANG_WARN_OBJC_IMPLICIT_RETAIN_SELF = YES;
				CLANG_WARN_OBJC_LITERAL_CONVERSION = YES;
				CLANG_WARN_OBJC_ROOT_CLASS = YES_ERROR;
				CLANG_WARN_QUOTED_INCLUDE_IN_FRAMEWORK_HEADER = YES;
				CLANG_WARN_RANGE_LOOP_ANALYSIS = YES;
				CLANG_WARN_STRICT_PROTOTYPES = YES;
				CLANG_WARN_SUSPICIOUS_MOVE = YES;
				CLANG_WARN_UNGUARDED_AVAILABILITY = YES_AGGRESSIVE;
				CLANG_WARN_UNREACHABLE_CODE = YES;
				CLANG_WARN__DUPLICATE_METHOD_MATCH = YES;
				COPY_PHASE_STRIP = NO;
				DEBUG_INFORMATION_FORMAT = dwarf;
				ENABLE_STRICT_OBJC_MSGSEND = YES;
				ENABLE_TESTABILITY = YES;
				GCC_C_LANGUAGE_STANDARD = gnu11;
				GCC_DYNAMIC_NO_PIC = NO;
				GCC_NO_COMMON_BLOCKS = YES;
				GCC_OPTIMIZATION_LEVEL = 0;
				GCC_PREPROCESSOR_DEFINITIONS = (
					"DEBUG=1",
					"$(inherited)",
				);
				GCC_WARN_64_TO_32_BIT_CONVERSION = YES;
				GCC_WARN_ABOUT_RETURN_TYPE = YES_ERROR;
				GCC_WARN_UNDECLARED_SELECTOR = YES;
				GCC_WARN_UNINITIALIZED_AUTOS = YES_AGGRESSIVE;
				GCC_WARN_UNUSED_FUNCTION = YES;
				GCC_WARN_UNUSED_VARIABLE = YES;
				IPHONEOS_DEPLOYMENT_TARGET = 14.5;
				MTL_ENABLE_DEBUG_INFO = INCLUDE_SOURCE;
				MTL_FAST_MATH = YES;
				ONLY_ACTIVE_ARCH = YES;
				SDKROOT = iphoneos;
				SWIFT_ACTIVE_COMPILATION_CONDITIONS = DEBUG;
				SWIFT_OPTIMIZATION_LEVEL = "-Onone";
			};
			name = Debug;
		};
		57C94C6026848DA8009EA106 /* Release */ = {
			isa = XCBuildConfiguration;
			buildSettings = {
				ALWAYS_SEARCH_USER_PATHS = NO;
				CLANG_ANALYZER_NONNULL = YES;
				CLANG_ANALYZER_NUMBER_OBJECT_CONVERSION = YES_AGGRESSIVE;
				CLANG_CXX_LANGUAGE_STANDARD = "gnu++14";
				CLANG_CXX_LIBRARY = "libc++";
				CLANG_ENABLE_MODULES = YES;
				CLANG_ENABLE_OBJC_ARC = YES;
				CLANG_ENABLE_OBJC_WEAK = YES;
				CLANG_WARN_BLOCK_CAPTURE_AUTORELEASING = YES;
				CLANG_WARN_BOOL_CONVERSION = YES;
				CLANG_WARN_COMMA = YES;
				CLANG_WARN_CONSTANT_CONVERSION = YES;
				CLANG_WARN_DEPRECATED_OBJC_IMPLEMENTATIONS = YES;
				CLANG_WARN_DIRECT_OBJC_ISA_USAGE = YES_ERROR;
				CLANG_WARN_DOCUMENTATION_COMMENTS = YES;
				CLANG_WARN_EMPTY_BODY = YES;
				CLANG_WARN_ENUM_CONVERSION = YES;
				CLANG_WARN_INFINITE_RECURSION = YES;
				CLANG_WARN_INT_CONVERSION = YES;
				CLANG_WARN_NON_LITERAL_NULL_CONVERSION = YES;
				CLANG_WARN_OBJC_IMPLICIT_RETAIN_SELF = YES;
				CLANG_WARN_OBJC_LITERAL_CONVERSION = YES;
				CLANG_WARN_OBJC_ROOT_CLASS = YES_ERROR;
				CLANG_WARN_QUOTED_INCLUDE_IN_FRAMEWORK_HEADER = YES;
				CLANG_WARN_RANGE_LOOP_ANALYSIS = YES;
				CLANG_WARN_STRICT_PROTOTYPES = YES;
				CLANG_WARN_SUSPICIOUS_MOVE = YES;
				CLANG_WARN_UNGUARDED_AVAILABILITY = YES_AGGRESSIVE;
				CLANG_WARN_UNREACHABLE_CODE = YES;
				CLANG_WARN__DUPLICATE_METHOD_MATCH = YES;
				COPY_PHASE_STRIP = NO;
				DEBUG_INFORMATION_FORMAT = "dwarf-with-dsym";
				ENABLE_NS_ASSERTIONS = NO;
				ENABLE_STRICT_OBJC_MSGSEND = YES;
				GCC_C_LANGUAGE_STANDARD = gnu11;
				GCC_NO_COMMON_BLOCKS = YES;
				GCC_WARN_64_TO_32_BIT_CONVERSION = YES;
				GCC_WARN_ABOUT_RETURN_TYPE = YES_ERROR;
				GCC_WARN_UNDECLARED_SELECTOR = YES;
				GCC_WARN_UNINITIALIZED_AUTOS = YES_AGGRESSIVE;
				GCC_WARN_UNUSED_FUNCTION = YES;
				GCC_WARN_UNUSED_VARIABLE = YES;
				IPHONEOS_DEPLOYMENT_TARGET = 14.5;
				MTL_ENABLE_DEBUG_INFO = NO;
				MTL_FAST_MATH = YES;
				SDKROOT = iphoneos;
				SWIFT_COMPILATION_MODE = wholemodule;
				SWIFT_OPTIMIZATION_LEVEL = "-O";
				VALIDATE_PRODUCT = YES;
			};
			name = Release;
		};
		57C94C6226848DA8009EA106 /* Debug */ = {
			isa = XCBuildConfiguration;
			baseConfigurationReference = A291A660B356E94D12800148 /* Pods-SwiftUI FirebaseAuth.debug.xcconfig */;
			buildSettings = {
				ASSETCATALOG_COMPILER_APPICON_NAME = AppIcon;
				ASSETCATALOG_COMPILER_GLOBAL_ACCENT_COLOR_NAME = AccentColor;
				CODE_SIGN_STYLE = Automatic;
				DEVELOPMENT_ASSET_PATHS = "\"SwiftUI FirebaseAuth/Preview Content\"";
				ENABLE_PREVIEWS = YES;
				INFOPLIST_FILE = "SwiftUI FirebaseAuth/Info.plist";
				IPHONEOS_DEPLOYMENT_TARGET = 14.0;
				LD_RUNPATH_SEARCH_PATHS = (
					"$(inherited)",
					"@executable_path/Frameworks",
				);
				PRODUCT_BUNDLE_IDENTIFIER = "com.MarvinMahilum.SwiftUI-FirebaseAuth";
				PRODUCT_NAME = "$(TARGET_NAME)";
				SWIFT_VERSION = 5.0;
				TARGETED_DEVICE_FAMILY = "1,2";
			};
			name = Debug;
		};
		57C94C6326848DA8009EA106 /* Release */ = {
			isa = XCBuildConfiguration;
			baseConfigurationReference = 3822B38F46152B8D0A47CD6C /* Pods-SwiftUI FirebaseAuth.release.xcconfig */;
			buildSettings = {
				ASSETCATALOG_COMPILER_APPICON_NAME = AppIcon;
				ASSETCATALOG_COMPILER_GLOBAL_ACCENT_COLOR_NAME = AccentColor;
				CODE_SIGN_STYLE = Automatic;
				DEVELOPMENT_ASSET_PATHS = "\"SwiftUI FirebaseAuth/Preview Content\"";
				ENABLE_PREVIEWS = YES;
				INFOPLIST_FILE = "SwiftUI FirebaseAuth/Info.plist";
				IPHONEOS_DEPLOYMENT_TARGET = 14.0;
				LD_RUNPATH_SEARCH_PATHS = (
					"$(inherited)",
					"@executable_path/Frameworks",
				);
				PRODUCT_BUNDLE_IDENTIFIER = "com.MarvinMahilum.SwiftUI-FirebaseAuth";
				PRODUCT_NAME = "$(TARGET_NAME)";
				SWIFT_VERSION = 5.0;
				TARGETED_DEVICE_FAMILY = "1,2";
			};
			name = Release;
		};
/* End XCBuildConfiguration section */

/* Begin XCConfigurationList section */
		57C94C4D26848DA7009EA106 /* Build configuration list for PBXProject "SwiftUI FirebaseAuth" */ = {
			isa = XCConfigurationList;
			buildConfigurations = (
				57C94C5F26848DA8009EA106 /* Debug */,
				57C94C6026848DA8009EA106 /* Release */,
			);
			defaultConfigurationIsVisible = 0;
			defaultConfigurationName = Release;
		};
		57C94C6126848DA8009EA106 /* Build configuration list for PBXNativeTarget "SwiftUI FirebaseAuth" */ = {
			isa = XCConfigurationList;
			buildConfigurations = (
				57C94C6226848DA8009EA106 /* Debug */,
				57C94C6326848DA8009EA106 /* Release */,
			);
			defaultConfigurationIsVisible = 0;
			defaultConfigurationName = Release;
		};
/* End XCConfigurationList section */
	};
	rootObject = 57C94C4A26848DA7009EA106 /* Project object */;
}
